github.com/bkaradzic/go-lz4 v1.0.0 h1:RXc4wYsyz985CkXXeX04y4VnZFGG8Rd43pRaHsOXAKk=
github.com/bkaradzic/go-lz4 v1.0.0/go.mod h1:0YdlkowM3VswSROI7qDxhRvJ3sLhlFrRRwjwegp5jy4=
github.com/disintegration/imaging v1.6.2 h1:w1LecBlG2Lnp8B3jk5zSuNqd7b4DXhcjwek1ei82L+c=
github.com/disintegration/imaging v1.6.2/go.mod h1:44/5580QXChDfwIclfc/PCwrr44amcmDAg8hxG0Ewe4=
github.com/esimov/colorquant v1.0.0 h1:Au0vgJi9uTftrZxoqKJXGO1im5pny79mJpVYPij3vp0=
github.com/esimov/colorquant v1.0.0/go.mod h1:av7lYasj6eTILlP0s+rmU8POP1rsktNIBEIjjDd+wJk=
github.com/esimov/dithergo v0.0.0-20210215145655-7f9ddf55e848 h1:4mfWkM1T8YZsWyuuIQcV0lskFRCkCMPnKBWKcBOTJUs=
github.com/esimov/dithergo v0.0.0-20210215145655-7f9ddf55e848/go.mod h1:KQYJwxnA4taJBkCet7blGupIXRROaNk+5mvpcIRSjZA=
github.com/jeromelesaux/dsk v0.0.0-20210511082123-7bd4dd146192 h1:nZ/UzB17XNovutjNbaAg+g/LSINROD4+uEuGYeEAmKY=
github.com/jeromelesaux/dsk v0.0.0-20210511082123-7bd4dd146192/go.mod h1:WTXQ8pDV2tubU5FrXdId3MoGMOBAm117x36pQcmWchA=
github.com/jeromelesaux/m4client v0.0.0-20200309212559-efb59c22369c h1:4X+oOjzaO6OKBLX8a3TCywm3htzQGyCsi+czrc3E5X8=
github.com/jeromelesaux/m4client v0.0.0-20200309212559-efb59c22369c/go.mod h1:JO0ijl8YXO6FxogJoC3yAFbBjSAnkwFquc8W6C7k94E=
github.com/jeromelesaux/zx0 v0.0.0-20210525121323-2b58599f38e7 h1:PLeFwdzUSb9ZByyhBGmnM2DoLJcfNqSi9EKWIcYpyPo=
github.com/jeromelesaux/zx0 v0.0.0-20210525121323-2b58599f38e7/go.mod h1:2UJAsiAuZ7yXjez3kQ68e/6REqjUQSXOGIuXQZPGF4g=
github.com/oliamb/cutter v0.2.2 h1:Lfwkya0HHNU1YLnGv2hTkzHfasrSMkgv4Dn+5rmlk3k=
github.com/oliamb/cutter v0.2.2/go.mod h1:4BenG2/4GuRBDbVm/OPahDVqbrOemzpPiG5mi1iryBU=
github.com/pbnjay/pixfont v0.0.0-20200714042608-33b744692567 h1:pKjmNHL7BCXhgsnSlN6Ov3WAN2jbJMCx6IvrMN9GNfc=
github.com/pbnjay/pixfont v0.0.0-20200714042608-33b744692567/go.mod h1:ytYavTmrpWG4s7UOfDhP6m4ASL5XA66nrOcUn1e2M78=
github.com/pierrec/lz4 v2.6.0+incompatible h1:Ix9yFKn1nSPBLFl/yZknTp8TU5G4Ps0JDmguYK6iH1A=
github.com/pierrec/lz4 v2.6.0+incompatible/go.mod h1:pdkljMzZIN41W+lC3N2tnIh5sFi+IEE17M5jbnwPHcY=
golang.org/x/image v0.0.0-20191009234506-e7c1f5e7dbb8 h1:hVwzHzIUGRjiF7EcUjqNxk3NCfkPxbDKRdnNE1Rpg0U=
golang.org/x/image v0.0.0-20191009234506-e7c1f5e7dbb8/go.mod h1:FeLwcggjj3mMvU+oOTbSwawSJRM1uh48EjtB4UJZlP0=
golang.org/x/text v0.3.0/go.mod h1:NqM8EUOU14njkJ3fqMW+pc6Ldnwhi/IjpwHt7yyuwOQ=
