fyne.io/fyne/v2 v2.7.3 h1:xBT/iYbdnNHONWO38fZMBrVBiJG8rV/Jypmy4tVfRWE=
fyne.io/fyne/v2 v2.7.3/go.mod h1:gu+dlIcZWSzKZmnrY8Fbnj2Hirabv2ek+AKsfQ2bBlw=
fyne.io/systray v1.12.0 h1:CA1Kk0e2zwFlxtc02L3QFSiIbxJ/P0n582YrZHT7aTM=
fyne.io/systray v1.12.0/go.mod h1:RVwqP9nYMo7h5zViCBHri2FgjXF7H2cub7MAq4NSoLs=
github.com/Baldomo/paletter v1.0.0 h1:yQOkop/UAOBQohhPJrMrYFZECwrJcqyxPN7bRy+0/yo=
github.com/Baldomo/paletter v1.0.0/go.mod h1:n6TmApXRuWmLExZOG+CDhRxhPZfY1MX6uMndauj+ipo=
github.com/BurntSushi/toml v1.6.0 h1:dRaEfpa2VI55EwlIW72hMRHdWouJeRF7TPYhI+AUQjk=
github.com/BurntSushi/toml v1.6.0/go.mod h1:ukJfTF/6rtPPRCnwkur4qwRxa8vTRFBF0uk2lLoLwho=
github.com/DATA-DOG/go-sqlmock v1.3.3/go.mod h1:f/Ixk793poVmq4qj/V1dPUg2JEAKC73Q5eFN3EC/SaM=
github.com/bkaradzic/go-lz4 v1.0.0 h1:RXc4wYsyz985CkXXeX04y4VnZFGG8Rd43pRaHsOXAKk=
github.com/bkaradzic/go-lz4 v1.0.0/go.mod h1:0YdlkowM3VswSROI7qDxhRvJ3sLhlFrRRwjwegp5jy4=
github.com/creack/pty v1.1.9/go.mod h1:oKZEueFk5CKHvIhNR5MUki03XCEU+Q6VDXinZuGJ33E=
github.com/davecgh/go-spew v1.1.0/go.mod h1:J7Y8YcW2NihsgmVo/mv3lAwl/skON4iLHjSsI+c5H38=
github.com/davecgh/go-spew v1.1.1 h1:vj9j/u1bqnvCEfJOwUhtlOARqs3+rkHYY13jYWTU97c=
github.com/davecgh/go-spew v1.1.1/go.mod h1:J7Y8YcW2NihsgmVo/mv3lAwl/skON4iLHjSsI+c5H38=
github.com/disintegration/imaging v1.6.2 h1:w1LecBlG2Lnp8B3jk5zSuNqd7b4DXhcjwek1ei82L+c=
github.com/disintegration/imaging v1.6.2/go.mod h1:44/5580QXChDfwIclfc/PCwrr44amcmDAg8hxG0Ewe4=
github.com/esimov/colorquant v1.0.0 h1:Au0vgJi9uTftrZxoqKJXGO1im5pny79mJpVYPij3vp0=
github.com/esimov/colorquant v1.0.0/go.mod h1:av7lYasj6eTILlP0s+rmU8POP1rsktNIBEIjjDd+wJk=
github.com/esimov/dithergo v0.0.0-20210215145655-7f9ddf55e848 h1:4mfWkM1T8YZsWyuuIQcV0lskFRCkCMPnKBWKcBOTJUs=
github.com/esimov/dithergo v0.0.0-20210215145655-7f9ddf55e848/go.mod h1:KQYJwxnA4taJBkCet7blGupIXRROaNk+5mvpcIRSjZA=
github.com/felixge/fgprof v0.9.3 h1:VvyZxILNuCiUCSXtPtYmmtGvb65nqXh2QFWc0Wpf2/g=
github.com/felixge/fgprof v0.9.3/go.mod h1:RdbpDgzqYVh/T9fPELJyV7EYJuHB55UTEULNun8eiPw=
github.com/frankban/quicktest v1.14.0 h1:+cqqvzZV87b4adx/5ayVOaYZ2CrvM4ejQvUdBzPPUss=
github.com/frankban/quicktest v1.14.0/go.mod h1:NeW+ay9A/U67EYXNFA1nPE8e/tnQv/09mUdL/ijj8og=
github.com/fredbi/uri v1.1.1 h1:xZHJC08GZNIUhbP5ImTHnt5Ya0T8FI2VAwI/37kh2Ko=
github.com/fredbi/uri v1.1.1/go.mod h1:4+DZQ5zBjEwQCDmXW5JdIjz0PUA+yJbvtBv+u+adr5o=
github.com/fsnotify/fsnotify v1.9.0 h1:2Ml+OJNzbYCTzsxtv8vKSFD9PbJjmhYF14k/jKC7S9k=
github.com/fsnotify/fsnotify v1.9.0/go.mod h1:8jBTzvmWwFyi3Pb8djgCCO5IBqzKJ/Jwo8TRcHyHii0=
github.com/fyne-io/gl-js v0.2.0 h1:+EXMLVEa18EfkXBVKhifYB6OGs3HwKO3lUElA0LlAjs=
github.com/fyne-io/gl-js v0.2.0/go.mod h1:ZcepK8vmOYLu96JoxbCKJy2ybr+g1pTnaBDdl7c3ajI=
github.com/fyne-io/glfw-js v0.3.0 h1:d8k2+Y7l+zy2pc7wlGRyPfTgZoqDf3AI4G+2zOWhWUk=
github.com/fyne-io/glfw-js v0.3.0/go.mod h1:Ri6te7rdZtBgBpxLW19uBpp3Dl6K9K/bRaYdJ22G8Jk=
github.com/fyne-io/image v0.1.1 h1:WH0z4H7qfvNUw5l4p3bC1q70sa5+YWVt6HCj7y4VNyA=
github.com/fyne-io/image v0.1.1/go.mod h1:xrfYBh6yspc+KjkgdZU/ifUC9sPA5Iv7WYUBzQKK7JM=
github.com/fyne-io/oksvg v0.2.0 h1:mxcGU2dx6nwjJsSA9PCYZDuoAcsZ/OuJlvg/Q9Njfo8=
github.com/fyne-io/oksvg v0.2.0/go.mod h1:dJ9oEkPiWhnTFNCmRgEze+YNprJF7YRbpjgpWS4kzoI=
github.com/go-gl/gl v0.0.0-20231021071112-07e5d0ea2e71 h1:5BVwOaUSBTlVZowGO6VZGw2H/zl9nrd3eCZfYV+NfQA=
github.com/go-gl/gl v0.0.0-20231021071112-07e5d0ea2e71/go.mod h1:9YTyiznxEY1fVinfM7RvRcjRHbw2xLBJ3AAGIT0I4Nw=
github.com/go-gl/glfw/v3.3/glfw v0.0.0-20250301202403-da16c1255728 h1:RkGhqHxEVAvPM0/R+8g7XRwQnHatO0KAuVcwHo8q9W8=
github.com/go-gl/glfw/v3.3/glfw v0.0.0-20250301202403-da16c1255728/go.mod h1:SyRD8YfuKk+ZXlDqYiqe1qMSqjNgtHzBTG810KUagMc=
github.com/go-text/render v0.2.1 h1:qwHhxqGUjjg4L0XyJWj7M7bpY75NZM+kBpv2Yfw5mcg=
github.com/go-text/render v0.2.1/go.mod h1:HCCAq8MUlm/WRcXshBb4K/n+IkjeXQ1c2Ba+yICSm0A=
github.com/go-text/typesetting v0.3.4 h1:YYurUOtEb9kGSOz4uE3k4OpBGsp1dDL8+fjCeaFamAU=
github.com/go-text/typesetting v0.3.4/go.mod h1:4qZCQphq4KSgGTAeI0uMEkVbROgfah8BuyF5LRYr7XY=
github.com/go-text/typesetting-utils v0.0.0-20260223113751-2d88ac90dae3 h1:drBZzMgdYPbmyXqOto4YhhJGrFIQCX94FpR4MzTCsos=
github.com/go-text/typesetting-utils v0.0.0-20260223113751-2d88ac90dae3/go.mod h1:3/62I4La/HBRX9TcTpBj4eipLiwzf+vhI+7whTc9V7o=
github.com/godbus/dbus/v5 v5.2.2 h1:TUR3TgtSVDmjiXOgAAyaZbYmIeP3DPkld3jgKGV8mXQ=
github.com/godbus/dbus/v5 v5.2.2/go.mod h1:3AAv2+hPq5rdnr5txxxRwiGjPXamgoIHgz9FPBfOp3c=
github.com/golang/freetype v0.0.0-20170609003504-e2365dfdc4a0/go.mod h1:E/TSTwGwJL78qG/PmXZO1EjYhfJinVAhrmmHX6Z8B9k=
github.com/google/go-cmp v0.5.6 h1:BKbKCqvP6I+rmFHt06ZmyQtvB8xAkWdhFyr0ZUNZcxQ=
github.com/google/go-cmp v0.5.6/go.mod h1:v8dTdLbMG2kIc/vJvl+f65V22dbkXbowE6jgT/gNBxE=
github.com/google/pprof v0.0.0-20211214055906-6f57359322fd h1:1FjCyPC+syAzJ5/2S8fqdZK1R22vvA0J7JZKcuOIQ7Y=
github.com/google/pprof v0.0.0-20211214055906-6f57359322fd/go.mod h1:KgnwoLYCZ8IQu3XUZ8Nc/bM9CCZFOyjUNOSygVozoDg=
github.com/hack-pad/go-indexeddb v0.3.2 h1:DTqeJJYc1usa45Q5r52t01KhvlSN02+Oq+tQbSBI91A=
github.com/hack-pad/go-indexeddb v0.3.2/go.mod h1:QvfTevpDVlkfomY498LhstjwbPW6QC4VC/lxYb0Kom0=
github.com/hack-pad/safejs v0.1.1 h1:d5qPO0iQ7h2oVtpzGnLExE+Wn9AtytxIfltcS2b9KD8=
github.com/hack-pad/safejs v0.1.1/go.mod h1:HdS+bKF1NrE72VoXZeWzxFOVQVUSqZJAG0xNCnb+Tio=
github.com/jeandeaual/go-locale v0.0.0-20250612000132-0ef82f21eade h1:FmusiCI1wHw+XQbvL9M+1r/C3SPqKrmBaIOYwVfQoDE=
github.com/jeandeaual/go-locale v0.0.0-20250612000132-0ef82f21eade/go.mod h1:ZDXo8KHryOWSIqnsb/CiDq7hQUYryCgdVnxbj8tDG7o=
github.com/jeromelesaux/dsk v0.0.0-20230417191026-0e405580626b h1:KMI+CK5VfgVD/k5HmsAprsDOXCujV9tsICJd5l77LPs=
github.com/jeromelesaux/dsk v0.0.0-20230417191026-0e405580626b/go.mod h1:yF2+YgO/6yWlK932z+qKOU8wY5rrbtsYAPlSXHfxIS8=
github.com/jeromelesaux/fyne-io v0.0.0-20250103121724-3c6142c34596 h1:cNtLvh4qXYQoTISc1QyGcOZYG/zF7B+LexuWJyAnYYA=
github.com/jeromelesaux/fyne-io v0.0.0-20250103121724-3c6142c34596/go.mod h1:ecQUoIHnvDWJ4OAIBzLHyaYCwVE7nK5EYWRSLPrEYKE=
github.com/jeromelesaux/m4client v0.0.0-20200309212559-efb59c22369c/go.mod h1:JO0ijl8YXO6FxogJoC3yAFbBjSAnkwFquc8W6C7k94E=
github.com/jeromelesaux/m4client v0.0.0-20240215220205-e9375c172627 h1:K5xvMYjbBXzo5yGC1PXJcUsmSRKhyy1pl+WPvZIpr98=
github.com/jeromelesaux/m4client v0.0.0-20240215220205-e9375c172627/go.mod h1:Xc0HzC2TZ7fbDWyB8LosvziBQ5QvvwVt3xxAIEavWRc=
github.com/jeromelesaux/zx0 v0.0.0-20220922122216-619a0141f9e0 h1:lJHo7lvF3yfRl8jY/vM2yS7diWcY6A2QA7zVLlMbKwo=
github.com/jeromelesaux/zx0 v0.0.0-20220922122216-619a0141f9e0/go.mod h1:nJJBr+YIsu7ykOFI5tR+cg4Hof1ryrtNv7AFpn7OjK0=
github.com/jsummers/gobmp v0.0.0-20230614200233-a9de23ed2e25 h1:YLvr1eE6cdCqjOe972w/cYF+FjW34v27+9Vo5106B4M=
github.com/jsummers/gobmp v0.0.0-20230614200233-a9de23ed2e25/go.mod h1:kLgvv7o6UM+0QSf0QjAse3wReFDsb9qbZJdfexWlrQw=
github.com/kr/pretty v0.1.0/go.mod h1:dAy3ld7l9f0ibDNOQOHHMYYIIbhfbHSm3C4ZsoJORNo=
github.com/kr/pretty v0.3.0 h1:WgNl7dwNpEZ6jJ9k1snq4pZsg7DOEN8hP9Xw0Tsjwk0=
github.com/kr/pretty v0.3.0/go.mod h1:640gp4NfQd8pI5XOwp5fnNeVWj67G7CFk/SaSQn7NBk=
github.com/kr/pty v1.1.1/go.mod h1:pFQYn66WHrOpPYNljwOMqo10TkYh1fy3cYio2l3bCsQ=
github.com/kr/text v0.1.0/go.mod h1:4Jbv+DJW3UT/LiOwJeYQe1efqtUx/iVham/4vfdArNI=
github.com/kr/text v0.2.0 h1:5Nx0Ya0ZqY2ygV366QzturHI13Jq95ApcVaJBhpS+AY=
github.com/kr/text v0.2.0/go.mod h1:eLer722TekiGuMkidMxC/pM04lWEeraHUUmBw8l2grE=
github.com/lucasb-eyer/go-colorful v1.0.2/go.mod h1:0MS4r+7BZKSJ5mw4/S5MPN+qHFF1fYclkSPilDOKW0s=
github.com/lucasb-eyer/go-colorful v1.0.3/go.mod h1:R4dSotOR9KMtayYi1e77YzuveK+i7ruzyGqttikkLy0=
github.com/lucasb-eyer/go-colorful v1.3.0 h1:2/yBRLdWBZKrf7gB40FoiKfAWYQ0lqNcbuQwVHXptag=
github.com/lucasb-eyer/go-colorful v1.3.0/go.mod h1:R4dSotOR9KMtayYi1e77YzuveK+i7ruzyGqttikkLy0=
github.com/mccutchen/palettor v1.0.0 h1:YRNAzEZlRBnu8qP/9siuNTJiAj7VhL0dEQ1AQmu9jew=
github.com/mccutchen/palettor v1.0.0/go.mod h1:5ZFq9YwI0o5zRpmAuEsm+0B7divaVds1dvTAznEnd6g=
github.com/muesli/clusters v0.0.0-20180605185049-a07a36e67d36/go.mod h1:mw5KDqUj0eLj/6DUNINLVJNoPTFkEuGMHtJsXLviLkY=
github.com/muesli/clusters v0.0.0-20200529215643-2700303c1762 h1:p4A2Jx7Lm3NV98VRMKlyWd3nqf8obft8NfXlAUmqd3I=
github.com/muesli/clusters v0.0.0-20200529215643-2700303c1762/go.mod h1:mw5KDqUj0eLj/6DUNINLVJNoPTFkEuGMHtJsXLviLkY=
github.com/muesli/kmeans v0.2.1/go.mod h1:eNyybq0tX9/iBEP6EMU4Y7dpmGK0uEhODdZpnG1a/iQ=
github.com/muesli/kmeans v0.3.1 h1:KshLQ8wAETfLWOJKMuDCVYHnafddSa1kwGh/IypGIzY=
github.com/muesli/kmeans v0.3.1/go.mod h1:8/OvJW7cHc1BpRf8URb43m+vR105DDe+Kj1WcFXYDqc=
github.com/nfnt/resize v0.0.0-20180221191011-83c6a9932646 h1:zYyBkD/k9seD2A7fsi6Oo2LfFZAehjjQMERAvZLEDnQ=
github.com/nfnt/resize v0.0.0-20180221191011-83c6a9932646/go.mod h1:jpp1/29i3P1S/RLdc7JQKbRpFeM1dOBd8T9ki5s+AY8=
github.com/nicksnyder/go-i18n/v2 v2.6.1 h1:JDEJraFsQE17Dut9HFDHzCoAWGEQJom5s0TRd17NIEQ=
github.com/nicksnyder/go-i18n/v2 v2.6.1/go.mod h1:Vee0/9RD3Quc/NmwEjzzD7VTZ+Ir7QbXocrkhOzmUKA=
github.com/niemeyer/pretty v0.0.0-20200227124842-a10e7caefd8e h1:fD57ERR4JtEqsWbfPhv4DMiApHyliiK5xCTNVSPiaAs=
github.com/niemeyer/pretty v0.0.0-20200227124842-a10e7caefd8e/go.mod h1:zD1mROLANZcx1PVRCS0qkT7pwLkGfwJo4zjcN/Tysno=
github.com/oliamb/cutter v0.2.2 h1:Lfwkya0HHNU1YLnGv2hTkzHfasrSMkgv4Dn+5rmlk3k=
github.com/oliamb/cutter v0.2.2/go.mod h1:4BenG2/4GuRBDbVm/OPahDVqbrOemzpPiG5mi1iryBU=
github.com/pbnjay/pixfont v0.0.0-20200714042608-33b744692567 h1:pKjmNHL7BCXhgsnSlN6Ov3WAN2jbJMCx6IvrMN9GNfc=
github.com/pbnjay/pixfont v0.0.0-20200714042608-33b744692567/go.mod h1:ytYavTmrpWG4s7UOfDhP6m4ASL5XA66nrOcUn1e2M78=
github.com/pierrec/lz4 v2.6.1+incompatible h1:9UY3+iC23yxF0UfGaYrGplQ+79Rg+h/q9FV9ix19jjM=
github.com/pierrec/lz4 v2.6.1+incompatible/go.mod h1:pdkljMzZIN41W+lC3N2tnIh5sFi+IEE17M5jbnwPHcY=
github.com/pkg/profile v1.7.0 h1:hnbDkaNWPCLMO9wGLdBFTIZvzDrDfBM2072E1S9gJkA=
github.com/pkg/profile v1.7.0/go.mod h1:8Uer0jas47ZQMJ7VD+OHknK4YDY07LPUC6dEvqDjvNo=
github.com/pmezard/go-difflib v1.0.0 h1:4DBwDE0NGyQoBHbLQYPwSUPoCMWR5BEzIk/f1lZbAQM=
github.com/pmezard/go-difflib v1.0.0/go.mod h1:iKH77koFhYxTK1pcRnkKkqfTogsbg7gZNVY4sRDYZ/4=
github.com/rogpeppe/go-internal v1.6.1 h1:/FiVV8dS/e+YqF2JvO3yXRFbBLTIuSDkuC7aBOAvL+k=
github.com/rogpeppe/go-internal v1.6.1/go.mod h1:xXDCJY+GAPziupqXw64V24skbSoqbTEfhy4qGm1nDQc=
github.com/rymdport/portal v0.4.2 h1:7jKRSemwlTyVHHrTGgQg7gmNPJs88xkbKcIL3NlcmSU=
github.com/rymdport/portal v0.4.2/go.mod h1:kFF4jslnJ8pD5uCi17brj/ODlfIidOxlgUDTO5ncnC4=
github.com/srwiley/oksvg v0.0.0-20221011165216-be6e8873101c h1:km8GpoQut05eY3GiYWEedbTT0qnSxrCjsVbb7yKY1KE=
github.com/srwiley/oksvg v0.0.0-20221011165216-be6e8873101c/go.mod h1:cNQ3dwVJtS5Hmnjxy6AgTPd0Inb3pW05ftPSX7NZO7Q=
github.com/srwiley/rasterx v0.0.0-20220730225603-2ab79fcdd4ef h1:Ch6Q+AZUxDBCVqdkI8FSpFyZDtCVBc2VmejdNrm5rRQ=
github.com/srwiley/rasterx v0.0.0-20220730225603-2ab79fcdd4ef/go.mod h1:nXTWP6+gD5+LUJ8krVhhoeHjvHTutPxMYl5SvkcnJNE=
github.com/stretchr/objx v0.1.0/go.mod h1:HFkY916IF+rwdDfMAkV7OtwuqBVzrE8GR6GFx+wExME=
github.com/stretchr/objx v0.4.0/go.mod h1:YvHI0jy2hoMjB+UWwv71VJQ9isScKT/TqJzVSSt89Yw=
github.com/stretchr/objx v0.5.0/go.mod h1:Yh+to48EsGEfYuaHDzXPcE3xhTkx73EhmCGUpEOglKo=
github.com/stretchr/testify v1.7.1/go.mod h1:6Fq8oRcR53rry900zMqJjRRixrwX3KX962/h/Wwjteg=
github.com/stretchr/testify v1.8.0/go.mod h1:yNjHg4UonilssWZ8iaSj1OCr/vHnekPRkoO+kdMU+MU=
github.com/stretchr/testify v1.8.1/go.mod h1:w2LPCIKwWwSfY2zedu0+kehJoqGctiVI29o6fzry7u4=
github.com/stretchr/testify v1.11.1 h1:7s2iGBzp5EwR7/aIZr8ao5+dra3wiQyKjjFuvgVKu7U=
github.com/stretchr/testify v1.11.1/go.mod h1:wZwfW3scLgRK+23gO65QZefKpKQRnfz6sD981Nm4B6U=
github.com/wcharczuk/go-chart/v2 v2.1.0/go.mod h1:yx7MvAVNcP/kN9lKXM/NTce4au4DFN99j6i1OwDclNA=
github.com/yuin/goldmark v1.8.1 h1:id2TeYXe5FpqwLco0Pso4cNM5Z6Okt4g7kDw9QBMhTA=
github.com/yuin/goldmark v1.8.1/go.mod h1:ip/1k0VRfGynBgxOz0yCqHrbZXhcjxyuS66Brc7iBKg=
go.yaml.in/yaml/v3 v3.0.4 h1:tfq32ie2Jv2UxXFdLJdh3jXuOzWiL1fo0bu/FbuKpbc=
go.yaml.in/yaml/v3 v3.0.4/go.mod h1:DhzuOOF2ATzADvBadXxruRBLzYTpT36CKvDb3+aBEFg=
golang.org/x/image v0.0.0-20191009234506-e7c1f5e7dbb8/go.mod h1:FeLwcggjj3mMvU+oOTbSwawSJRM1uh48EjtB4UJZlP0=
golang.org/x/image v0.0.0-20200927104501-e162460cd6b5/go.mod h1:FeLwcggjj3mMvU+oOTbSwawSJRM1uh48EjtB4UJZlP0=
golang.org/x/image v0.38.0 h1:5l+q+Y9JDC7mBOMjo4/aPhMDcxEptsX+Tt3GgRQRPuE=
golang.org/x/image v0.38.0/go.mod h1:/3f6vaXC+6CEanU4KJxbcUZyEePbyKbaLoDOe4ehFYY=
golang.org/x/net v0.52.0 h1:He/TN1l0e4mmR3QqHMT2Xab3Aj3L9qjbhRm78/6jrW0=
golang.org/x/net v0.52.0/go.mod h1:R1MAz7uMZxVMualyPXb+VaqGSa3LIaUqk0eEt3w36Sw=
golang.org/x/sys v0.42.0 h1:omrd2nAlyT5ESRdCLYdm3+fMfNFE/+Rf4bDIQImRJeo=
golang.org/x/sys v0.42.0/go.mod h1:4GL1E5IUh+htKOUEOaiffhrAeqysfVGipDYzABqnCmw=
golang.org/x/text v0.3.0/go.mod h1:NqM8EUOU14njkJ3fqMW+pc6Ldnwhi/IjpwHt7yyuwOQ=
golang.org/x/text v0.35.0 h1:JOVx6vVDFokkpaq1AEptVzLTpDe9KGpj5tR4/X+ybL8=
golang.org/x/text v0.35.0/go.mod h1:khi/HExzZJ2pGnjenulevKNX1W67CUy0AsXcNubPGCA=
golang.org/x/xerrors v0.0.0-20191204190536-9bdfabe68543/go.mod h1:I/5z698sn9Ka8TeJc9MKroUUfqBBauWjQqLJ2OPfmY0=
golang.org/x/xerrors v0.0.0-20200804184101-5ec99f83aff1 h1:go1bK/D/BFZV2I8cIQd1NKEZ+0owSTG1fDTci4IqFcE=
golang.org/x/xerrors v0.0.0-20200804184101-5ec99f83aff1/go.mod h1:I/5z698sn9Ka8TeJc9MKroUUfqBBauWjQqLJ2OPfmY0=
gopkg.in/check.v1 v0.0.0-20161208181325-20d25e280405/go.mod h1:Co6ibVJAznAaIkqp8huTwlJQCZ016jof/cbN4VW5Yz0=
gopkg.in/check.v1 v1.0.0-20180628173108-788fd7840127/go.mod h1:Co6ibVJAznAaIkqp8huTwlJQCZ016jof/cbN4VW5Yz0=
gopkg.in/check.v1 v1.0.0-20200227125254-8fa46927fb4f h1:BLraFXnmrev5lT+xlilqcH8XK9/i0At2xKjWk4p6zsU=
gopkg.in/check.v1 v1.0.0-20200227125254-8fa46927fb4f/go.mod h1:Co6ibVJAznAaIkqp8huTwlJQCZ016jof/cbN4VW5Yz0=
gopkg.in/errgo.v2 v2.1.0/go.mod h1:hNsd1EY+bozCKY1Ytp96fpM3vjJbqLJn88ws8XvfDNI=
gopkg.in/yaml.v3 v3.0.0-20200313102051-9f266ea9e77c/go.mod h1:K4uyk7z7BCEPqu6E+C64Yfv1cQ7kz7rIZviUmN+EgEM=
gopkg.in/yaml.v3 v3.0.1 h1:fxVm/GzAzEWqLHuvctI91KS9hhNmmWOoWu0XTYJS7CA=
gopkg.in/yaml.v3 v3.0.1/go.mod h1:K4uyk7z7BCEPqu6E+C64Yfv1cQ7kz7rIZviUmN+EgEM=
